// !$*UTF8*$!
{
	archiveVersion = 1;
	classes = {
	};
	objectVersion = 46;
	objects = {

/* Begin PBXBuildFile section */
		005096681BF1F266002B7EA9 /* AppDelegate.swift in Sources */ = {isa = PBXBuildFile; fileRef = 005096671BF1F266002B7EA9 /* AppDelegate.swift */; };
		0050966D1BF1F266002B7EA9 /* Main.storyboard in Resources */ = {isa = PBXBuildFile; fileRef = 0050966B1BF1F266002B7EA9 /* Main.storyboard */; };
		0050966F1BF1F266002B7EA9 /* Assets.xcassets in Resources */ = {isa = PBXBuildFile; fileRef = 0050966E1BF1F266002B7EA9 /* Assets.xcassets */; };
		005096721BF1F266002B7EA9 /* LaunchScreen.storyboard in Resources */ = {isa = PBXBuildFile; fileRef = 005096701BF1F266002B7EA9 /* LaunchScreen.storyboard */; };
		0050967C1BF1F726002B7EA9 /* ListContactsViewController.swift in Sources */ = {isa = PBXBuildFile; fileRef = 0050967B1BF1F726002B7EA9 /* ListContactsViewController.swift */; };
		0050967E1BF1F7D9002B7EA9 /* ContactDetailsViewController.swift in Sources */ = {isa = PBXBuildFile; fileRef = 0050967D1BF1F7D9002B7EA9 /* ContactDetailsViewController.swift */; };
		005096801BF1F801002B7EA9 /* User.swift in Sources */ = {isa = PBXBuildFile; fileRef = 0050967F1BF1F801002B7EA9 /* User.swift */; };
		005096821BF1F80E002B7EA9 /* Company.swift in Sources */ = {isa = PBXBuildFile; fileRef = 005096811BF1F80E002B7EA9 /* Company.swift */; };
		005096841BF1F816002B7EA9 /* Address.swift in Sources */ = {isa = PBXBuildFile; fileRef = 005096831BF1F816002B7EA9 /* Address.swift */; };
		005096881BF1F90D002B7EA9 /* Alamofire.framework in Frameworks */ = {isa = PBXBuildFile; fileRef = 005096851BF1F90D002B7EA9 /* Alamofire.framework */; };
		005096891BF1F90D002B7EA9 /* Alamofire.framework in Embed Frameworks */ = {isa = PBXBuildFile; fileRef = 005096851BF1F90D002B7EA9 /* Alamofire.framework */; settings = {ATTRIBUTES = (CodeSignOnCopy, RemoveHeadersOnCopy, ); }; };
		0050968A1BF1F90D002B7EA9 /* SVProgressHUD.framework in Frameworks */ = {isa = PBXBuildFile; fileRef = 005096861BF1F90D002B7EA9 /* SVProgressHUD.framework */; };
		0050968B1BF1F90D002B7EA9 /* SVProgressHUD.framework in Embed Frameworks */ = {isa = PBXBuildFile; fileRef = 005096861BF1F90D002B7EA9 /* SVProgressHUD.framework */; settings = {ATTRIBUTES = (CodeSignOnCopy, RemoveHeadersOnCopy, ); }; };
		0050968C1BF1F90D002B7EA9 /* SwiftyJSON.framework in Frameworks */ = {isa = PBXBuildFile; fileRef = 005096871BF1F90D002B7EA9 /* SwiftyJSON.framework */; };
		0050968D1BF1F90D002B7EA9 /* SwiftyJSON.framework in Embed Frameworks */ = {isa = PBXBuildFile; fileRef = 005096871BF1F90D002B7EA9 /* SwiftyJSON.framework */; settings = {ATTRIBUTES = (CodeSignOnCopy, RemoveHeadersOnCopy, ); }; };
		005096911BF1F953002B7EA9 /* ContactListDataProvider.swift in Sources */ = {isa = PBXBuildFile; fileRef = 005096901BF1F953002B7EA9 /* ContactListDataProvider.swift */; };
		005096941BF1F9AD002B7EA9 /* OrderedDictionary.swift in Sources */ = {isa = PBXBuildFile; fileRef = 005096931BF1F9AD002B7EA9 /* OrderedDictionary.swift */; };
		005096971BF1FA05002B7EA9 /* APIServices.swift in Sources */ = {isa = PBXBuildFile; fileRef = 005096961BF1FA05002B7EA9 /* APIServices.swift */; };
		005096991BF1FA40002B7EA9 /* Extensions.swift in Sources */ = {isa = PBXBuildFile; fileRef = 005096981BF1FA40002B7EA9 /* Extensions.swift */; };
		0050969B1BF1FA6C002B7EA9 /* UILabelWithCopyMenu.swift in Sources */ = {isa = PBXBuildFile; fileRef = 0050969A1BF1FA6C002B7EA9 /* UILabelWithCopyMenu.swift */; };
		0050969D1BF1FACB002B7EA9 /* MapKit.framework in Frameworks */ = {isa = PBXBuildFile; fileRef = 0050969C1BF1FACB002B7EA9 /* MapKit.framework */; };
		005096A51BF1FC20002B7EA9 /* ContactListTests.swift in Sources */ = {isa = PBXBuildFile; fileRef = 005096A41BF1FC20002B7EA9 /* ContactListTests.swift */; };
		005096AC1BF21377002B7EA9 /* getusers.json in Resources */ = {isa = PBXBuildFile; fileRef = 005096AB1BF21376002B7EA9 /* getusers.json */; };
		005096AE1BF213AE002B7EA9 /* APIServicesTests.swift in Sources */ = {isa = PBXBuildFile; fileRef = 005096AD1BF213AE002B7EA9 /* APIServicesTests.swift */; };
		005096B01BF213C0002B7EA9 /* ExtensionsTest.swift in Sources */ = {isa = PBXBuildFile; fileRef = 005096AF1BF213C0002B7EA9 /* ExtensionsTest.swift */; };
		005096B21BF213C8002B7EA9 /* OrderedDictionaryTests.swift in Sources */ = {isa = PBXBuildFile; fileRef = 005096B11BF213C8002B7EA9 /* OrderedDictionaryTests.swift */; };
		005096B31BF213EC002B7EA9 /* APIServices.swift in Sources */ = {isa = PBXBuildFile; fileRef = 005096961BF1FA05002B7EA9 /* APIServices.swift */; };
		005096B41BF213EC002B7EA9 /* OrderedDictionary.swift in Sources */ = {isa = PBXBuildFile; fileRef = 005096931BF1F9AD002B7EA9 /* OrderedDictionary.swift */; };
		005096B51BF213EC002B7EA9 /* Extensions.swift in Sources */ = {isa = PBXBuildFile; fileRef = 005096981BF1FA40002B7EA9 /* Extensions.swift */; };
		005096B61BF213EC002B7EA9 /* UILabelWithCopyMenu.swift in Sources */ = {isa = PBXBuildFile; fileRef = 0050969A1BF1FA6C002B7EA9 /* UILabelWithCopyMenu.swift */; };
		005096B71BF213EC002B7EA9 /* ContactListDataProvider.swift in Sources */ = {isa = PBXBuildFile; fileRef = 005096901BF1F953002B7EA9 /* ContactListDataProvider.swift */; };
		005096B81BF213EC002B7EA9 /* User.swift in Sources */ = {isa = PBXBuildFile; fileRef = 0050967F1BF1F801002B7EA9 /* User.swift */; };
		005096B91BF213EC002B7EA9 /* Company.swift in Sources */ = {isa = PBXBuildFile; fileRef = 005096811BF1F80E002B7EA9 /* Company.swift */; };
		005096BA1BF213EC002B7EA9 /* Address.swift in Sources */ = {isa = PBXBuildFile; fileRef = 005096831BF1F816002B7EA9 /* Address.swift */; };
		005096BB1BF213EC002B7EA9 /* ListContactsViewController.swift in Sources */ = {isa = PBXBuildFile; fileRef = 0050967B1BF1F726002B7EA9 /* ListContactsViewController.swift */; };
		005096BC1BF213EC002B7EA9 /* ContactDetailsViewController.swift in Sources */ = {isa = PBXBuildFile; fileRef = 0050967D1BF1F7D9002B7EA9 /* ContactDetailsViewController.swift */; };
		005096C11BF2141E002B7EA9 /* OHHTTPStubs.framework in CopyFiles */ = {isa = PBXBuildFile; fileRef = 005096C01BF2141E002B7EA9 /* OHHTTPStubs.framework */; settings = {ATTRIBUTES = (CodeSignOnCopy, RemoveHeadersOnCopy, ); }; };
		005096C21BF21512002B7EA9 /* Alamofire.framework in CopyFiles */ = {isa = PBXBuildFile; fileRef = 005096851BF1F90D002B7EA9 /* Alamofire.framework */; settings = {ATTRIBUTES = (CodeSignOnCopy, RemoveHeadersOnCopy, ); }; };
		005096C31BF21516002B7EA9 /* SwiftyJSON.framework in CopyFiles */ = {isa = PBXBuildFile; fileRef = 005096871BF1F90D002B7EA9 /* SwiftyJSON.framework */; settings = {ATTRIBUTES = (CodeSignOnCopy, RemoveHeadersOnCopy, ); }; };
		005096C51BF2152C002B7EA9 /* OHHTTPStubs.framework in Frameworks */ = {isa = PBXBuildFile; fileRef = 005096C01BF2141E002B7EA9 /* OHHTTPStubs.framework */; };
		005096C61BF2152E002B7EA9 /* Alamofire.framework in Frameworks */ = {isa = PBXBuildFile; fileRef = 005096851BF1F90D002B7EA9 /* Alamofire.framework */; };
		005096C71BF21530002B7EA9 /* SwiftyJSON.framework in Frameworks */ = {isa = PBXBuildFile; fileRef = 005096871BF1F90D002B7EA9 /* SwiftyJSON.framework */; };
		005096C81BF21589002B7EA9 /* SVProgressHUD.framework in Frameworks */ = {isa = PBXBuildFile; fileRef = 005096861BF1F90D002B7EA9 /* SVProgressHUD.framework */; };
		005096C91BF2158E002B7EA9 /* SVProgressHUD.framework in CopyFiles */ = {isa = PBXBuildFile; fileRef = 005096861BF1F90D002B7EA9 /* SVProgressHUD.framework */; settings = {ATTRIBUTES = (CodeSignOnCopy, RemoveHeadersOnCopy, ); }; };
		005096CB1BF2165F002B7EA9 /* Router.swift in Sources */ = {isa = PBXBuildFile; fileRef = 005096CA1BF2165F002B7EA9 /* Router.swift */; };
		005096CC1BF2177F002B7EA9 /* Router.swift in Sources */ = {isa = PBXBuildFile; fileRef = 005096CA1BF2165F002B7EA9 /* Router.swift */; };
		005096CE1BF21C1E002B7EA9 /* APIError.swift in Sources */ = {isa = PBXBuildFile; fileRef = 005096CD1BF21C1E002B7EA9 /* APIError.swift */; };
		005096CF1BF21C89002B7EA9 /* APIError.swift in Sources */ = {isa = PBXBuildFile; fileRef = 005096CD1BF21C1E002B7EA9 /* APIError.swift */; };
		005096D41BF21EE2002B7EA9 /* Utils.swift in Sources */ = {isa = PBXBuildFile; fileRef = 005096D31BF21EE2002B7EA9 /* Utils.swift */; };
		005096D81BF21F83002B7EA9 /* Utils.swift in Sources */ = {isa = PBXBuildFile; fileRef = 005096D31BF21EE2002B7EA9 /* Utils.swift */; };
		4DA986531DD115FE00F13DE9 /* Nimble.framework in CopyFiles */ = {isa = PBXBuildFile; fileRef = 4DA986511DD115FE00F13DE9 /* Nimble.framework */; settings = {ATTRIBUTES = (CodeSignOnCopy, RemoveHeadersOnCopy, ); }; };
		4DA986541DD115FE00F13DE9 /* Quick.framework in CopyFiles */ = {isa = PBXBuildFile; fileRef = 4DA986521DD115FE00F13DE9 /* Quick.framework */; settings = {ATTRIBUTES = (CodeSignOnCopy, RemoveHeadersOnCopy, ); }; };
		4DB3F2321DD17D24001BB05F /* ContactListPage.swift in Sources */ = {isa = PBXBuildFile; fileRef = 4DB3F2311DD17D24001BB05F /* ContactListPage.swift */; };
		4DB3F2341DD1915F001BB05F /* ContactDetailsPage.swift in Sources */ = {isa = PBXBuildFile; fileRef = 4DB3F2331DD1915F001BB05F /* ContactDetailsPage.swift */; };
		4DC9F0EB1DD03A0B005692D8 /* ContactListUITests.swift in Sources */ = {isa = PBXBuildFile; fileRef = 4DC9F0EA1DD03A0B005692D8 /* ContactListUITests.swift */; };
/* End PBXBuildFile section */

/* Begin PBXContainerItemProxy section */
		4DC9F0ED1DD03A0B005692D8 /* PBXContainerItemProxy */ = {
			isa = PBXContainerItemProxy;
			containerPortal = 0050965C1BF1F266002B7EA9 /* Project object */;
			proxyType = 1;
			remoteGlobalIDString = 005096631BF1F266002B7EA9;
			remoteInfo = ContactList;
		};
/* End PBXContainerItemProxy section */

/* Begin PBXCopyFilesBuildPhase section */
		0050968E1BF1F90D002B7EA9 /* Embed Frameworks */ = {
			isa = PBXCopyFilesBuildPhase;
			buildActionMask = 2147483647;
			dstPath = "";
			dstSubfolderSpec = 10;
			files = (
				0050968B1BF1F90D002B7EA9 /* SVProgressHUD.framework in Embed Frameworks */,
				005096891BF1F90D002B7EA9 /* Alamofire.framework in Embed Frameworks */,
				0050968D1BF1F90D002B7EA9 /* SwiftyJSON.framework in Embed Frameworks */,
			);
			name = "Embed Frameworks";
			runOnlyForDeploymentPostprocessing = 0;
		};
		005096BF1BF2140D002B7EA9 /* CopyFiles */ = {
			isa = PBXCopyFilesBuildPhase;
			buildActionMask = 2147483647;
			dstPath = "";
			dstSubfolderSpec = 10;
			files = (
				005096C91BF2158E002B7EA9 /* SVProgressHUD.framework in CopyFiles */,
				005096C11BF2141E002B7EA9 /* OHHTTPStubs.framework in CopyFiles */,
				005096C21BF21512002B7EA9 /* Alamofire.framework in CopyFiles */,
				005096C31BF21516002B7EA9 /* SwiftyJSON.framework in CopyFiles */,
			);
			runOnlyForDeploymentPostprocessing = 0;
		};
		4DA986501DD115E700F13DE9 /* CopyFiles */ = {
			isa = PBXCopyFilesBuildPhase;
			buildActionMask = 2147483647;
			dstPath = "";
			dstSubfolderSpec = 10;
			files = (
				4DA986531DD115FE00F13DE9 /* Nimble.framework in CopyFiles */,
				4DA986541DD115FE00F13DE9 /* Quick.framework in CopyFiles */,
			);
			runOnlyForDeploymentPostprocessing = 0;
		};
/* End PBXCopyFilesBuildPhase section */

/* Begin PBXFileReference section */
		005096641BF1F266002B7EA9 /* ContactList.app */ = {isa = PBXFileReference; explicitFileType = wrapper.application; includeInIndex = 0; path = ContactList.app; sourceTree = BUILT_PRODUCTS_DIR; };
		005096671BF1F266002B7EA9 /* AppDelegate.swift */ = {isa = PBXFileReference; lastKnownFileType = sourcecode.swift; path = AppDelegate.swift; sourceTree = "<group>"; };
		0050966C1BF1F266002B7EA9 /* Base */ = {isa = PBXFileReference; lastKnownFileType = file.storyboard; name = Base; path = Base.lproj/Main.storyboard; sourceTree = "<group>"; };
		0050966E1BF1F266002B7EA9 /* Assets.xcassets */ = {isa = PBXFileReference; lastKnownFileType = folder.assetcatalog; path = Assets.xcassets; sourceTree = "<group>"; };
		005096711BF1F266002B7EA9 /* Base */ = {isa = PBXFileReference; lastKnownFileType = file.storyboard; name = Base; path = Base.lproj/LaunchScreen.storyboard; sourceTree = "<group>"; };
		005096731BF1F266002B7EA9 /* Info.plist */ = {isa = PBXFileReference; lastKnownFileType = text.plist.xml; path = Info.plist; sourceTree = "<group>"; };
		0050967B1BF1F726002B7EA9 /* ListContactsViewController.swift */ = {isa = PBXFileReference; fileEncoding = 4; lastKnownFileType = sourcecode.swift; path = ListContactsViewController.swift; sourceTree = "<group>"; };
		0050967D1BF1F7D9002B7EA9 /* ContactDetailsViewController.swift */ = {isa = PBXFileReference; fileEncoding = 4; lastKnownFileType = sourcecode.swift; path = ContactDetailsViewController.swift; sourceTree = "<group>"; };
		0050967F1BF1F801002B7EA9 /* User.swift */ = {isa = PBXFileReference; fileEncoding = 4; lastKnownFileType = sourcecode.swift; path = User.swift; sourceTree = "<group>"; };
		005096811BF1F80E002B7EA9 /* Company.swift */ = {isa = PBXFileReference; fileEncoding = 4; lastKnownFileType = sourcecode.swift; path = Company.swift; sourceTree = "<group>"; };
		005096831BF1F816002B7EA9 /* Address.swift */ = {isa = PBXFileReference; fileEncoding = 4; lastKnownFileType = sourcecode.swift; path = Address.swift; sourceTree = "<group>"; };
		005096851BF1F90D002B7EA9 /* Alamofire.framework */ = {isa = PBXFileReference; lastKnownFileType = wrapper.framework; name = Alamofire.framework; path = Carthage/Build/iOS/Alamofire.framework; sourceTree = "<group>"; };
		005096861BF1F90D002B7EA9 /* SVProgressHUD.framework */ = {isa = PBXFileReference; lastKnownFileType = wrapper.framework; name = SVProgressHUD.framework; path = Carthage/Build/iOS/SVProgressHUD.framework; sourceTree = "<group>"; };
		005096871BF1F90D002B7EA9 /* SwiftyJSON.framework */ = {isa = PBXFileReference; lastKnownFileType = wrapper.framework; name = SwiftyJSON.framework; path = Carthage/Build/iOS/SwiftyJSON.framework; sourceTree = "<group>"; };
		005096901BF1F953002B7EA9 /* ContactListDataProvider.swift */ = {isa = PBXFileReference; fileEncoding = 4; lastKnownFileType = sourcecode.swift; path = ContactListDataProvider.swift; sourceTree = "<group>"; };
		005096931BF1F9AD002B7EA9 /* OrderedDictionary.swift */ = {isa = PBXFileReference; fileEncoding = 4; lastKnownFileType = sourcecode.swift; path = OrderedDictionary.swift; sourceTree = "<group>"; };
		005096961BF1FA05002B7EA9 /* APIServices.swift */ = {isa = PBXFileReference; fileEncoding = 4; lastKnownFileType = sourcecode.swift; path = APIServices.swift; sourceTree = "<group>"; };
		005096981BF1FA40002B7EA9 /* Extensions.swift */ = {isa = PBXFileReference; fileEncoding = 4; lastKnownFileType = sourcecode.swift; path = Extensions.swift; sourceTree = "<group>"; };
		0050969A1BF1FA6C002B7EA9 /* UILabelWithCopyMenu.swift */ = {isa = PBXFileReference; fileEncoding = 4; lastKnownFileType = sourcecode.swift; path = UILabelWithCopyMenu.swift; sourceTree = "<group>"; };
		0050969C1BF1FACB002B7EA9 /* MapKit.framework */ = {isa = PBXFileReference; lastKnownFileType = wrapper.framework; name = MapKit.framework; path = System/Library/Frameworks/MapKit.framework; sourceTree = SDKROOT; };
		005096A21BF1FC1E002B7EA9 /* ContactListTests.xctest */ = {isa = PBXFileReference; explicitFileType = wrapper.cfbundle; includeInIndex = 0; path = ContactListTests.xctest; sourceTree = BUILT_PRODUCTS_DIR; };
		005096A41BF1FC20002B7EA9 /* ContactListTests.swift */ = {isa = PBXFileReference; lastKnownFileType = sourcecode.swift; path = ContactListTests.swift; sourceTree = "<group>"; };
		005096A61BF1FC21002B7EA9 /* Info.plist */ = {isa = PBXFileReference; lastKnownFileType = text.plist.xml; path = Info.plist; sourceTree = "<group>"; };
		005096AB1BF21376002B7EA9 /* getusers.json */ = {isa = PBXFileReference; fileEncoding = 4; lastKnownFileType = text.json; path = getusers.json; sourceTree = "<group>"; };
		005096AD1BF213AE002B7EA9 /* APIServicesTests.swift */ = {isa = PBXFileReference; fileEncoding = 4; lastKnownFileType = sourcecode.swift; path = APIServicesTests.swift; sourceTree = "<group>"; };
		005096AF1BF213C0002B7EA9 /* ExtensionsTest.swift */ = {isa = PBXFileReference; fileEncoding = 4; lastKnownFileType = sourcecode.swift; path = ExtensionsTest.swift; sourceTree = "<group>"; };
		005096B11BF213C8002B7EA9 /* OrderedDictionaryTests.swift */ = {isa = PBXFileReference; fileEncoding = 4; lastKnownFileType = sourcecode.swift; path = OrderedDictionaryTests.swift; sourceTree = "<group>"; };
		005096C01BF2141E002B7EA9 /* OHHTTPStubs.framework */ = {isa = PBXFileReference; lastKnownFileType = wrapper.framework; name = OHHTTPStubs.framework; path = Carthage/Build/iOS/OHHTTPStubs.framework; sourceTree = "<group>"; };
		005096CA1BF2165F002B7EA9 /* Router.swift */ = {isa = PBXFileReference; fileEncoding = 4; lastKnownFileType = sourcecode.swift; path = Router.swift; sourceTree = "<group>"; };
		005096CD1BF21C1E002B7EA9 /* APIError.swift */ = {isa = PBXFileReference; fileEncoding = 4; lastKnownFileType = sourcecode.swift; path = APIError.swift; sourceTree = "<group>"; };
		005096D31BF21EE2002B7EA9 /* Utils.swift */ = {isa = PBXFileReference; fileEncoding = 4; lastKnownFileType = sourcecode.swift; path = Utils.swift; sourceTree = "<group>"; };
		4DA986511DD115FE00F13DE9 /* Nimble.framework */ = {isa = PBXFileReference; lastKnownFileType = wrapper.framework; name = Nimble.framework; path = Carthage/Build/iOS/Nimble.framework; sourceTree = "<group>"; };
		4DA986521DD115FE00F13DE9 /* Quick.framework */ = {isa = PBXFileReference; lastKnownFileType = wrapper.framework; name = Quick.framework; path = Carthage/Build/iOS/Quick.framework; sourceTree = "<group>"; };
		4DB3F2311DD17D24001BB05F /* ContactListPage.swift */ = {isa = PBXFileReference; fileEncoding = 4; lastKnownFileType = sourcecode.swift; path = ContactListPage.swift; sourceTree = "<group>"; };
		4DB3F2331DD1915F001BB05F /* ContactDetailsPage.swift */ = {isa = PBXFileReference; fileEncoding = 4; lastKnownFileType = sourcecode.swift; path = ContactDetailsPage.swift; sourceTree = "<group>"; };
		4DC9F0E81DD03A0B005692D8 /* ContactListUITests.xctest */ = {isa = PBXFileReference; explicitFileType = wrapper.cfbundle; includeInIndex = 0; path = ContactListUITests.xctest; sourceTree = BUILT_PRODUCTS_DIR; };
		4DC9F0EA1DD03A0B005692D8 /* ContactListUITests.swift */ = {isa = PBXFileReference; lastKnownFileType = sourcecode.swift; path = ContactListUITests.swift; sourceTree = "<group>"; };
		4DC9F0EC1DD03A0B005692D8 /* Info.plist */ = {isa = PBXFileReference; lastKnownFileType = text.plist.xml; path = Info.plist; sourceTree = "<group>"; };
/* End PBXFileReference section */

/* Begin PBXFrameworksBuildPhase section */
		005096611BF1F266002B7EA9 /* Frameworks */ = {
			isa = PBXFrameworksBuildPhase;
			buildActionMask = 2147483647;
			files = (
				0050969D1BF1FACB002B7EA9 /* MapKit.framework in Frameworks */,
				0050968A1BF1F90D002B7EA9 /* SVProgressHUD.framework in Frameworks */,
				005096881BF1F90D002B7EA9 /* Alamofire.framework in Frameworks */,
				0050968C1BF1F90D002B7EA9 /* SwiftyJSON.framework in Frameworks */,
			);
			runOnlyForDeploymentPostprocessing = 0;
		};
		0050969F1BF1FC1E002B7EA9 /* Frameworks */ = {
			isa = PBXFrameworksBuildPhase;
			buildActionMask = 2147483647;
			files = (
				005096C81BF21589002B7EA9 /* SVProgressHUD.framework in Frameworks */,
				005096C51BF2152C002B7EA9 /* OHHTTPStubs.framework in Frameworks */,
				005096C61BF2152E002B7EA9 /* Alamofire.framework in Frameworks */,
				005096C71BF21530002B7EA9 /* SwiftyJSON.framework in Frameworks */,
			);
			runOnlyForDeploymentPostprocessing = 0;
		};
		4DC9F0E51DD03A0B005692D8 /* Frameworks */ = {
			isa = PBXFrameworksBuildPhase;
			buildActionMask = 2147483647;
			files = (
			);
			runOnlyForDeploymentPostprocessing = 0;
		};
/* End PBXFrameworksBuildPhase section */

/* Begin PBXGroup section */
		0050965B1BF1F266002B7EA9 = {
			isa = PBXGroup;
			children = (
				4DA986511DD115FE00F13DE9 /* Nimble.framework */,
				4DA986521DD115FE00F13DE9 /* Quick.framework */,
				005096C01BF2141E002B7EA9 /* OHHTTPStubs.framework */,
				0050969C1BF1FACB002B7EA9 /* MapKit.framework */,
				005096851BF1F90D002B7EA9 /* Alamofire.framework */,
				005096861BF1F90D002B7EA9 /* SVProgressHUD.framework */,
				005096871BF1F90D002B7EA9 /* SwiftyJSON.framework */,
				005096661BF1F266002B7EA9 /* ContactList */,
				005096A31BF1FC1F002B7EA9 /* ContactListTests */,
				4DC9F0E91DD03A0B005692D8 /* ContactListUITests */,
				005096651BF1F266002B7EA9 /* Products */,
			);
			sourceTree = "<group>";
		};
		005096651BF1F266002B7EA9 /* Products */ = {
			isa = PBXGroup;
			children = (
				005096641BF1F266002B7EA9 /* ContactList.app */,
				005096A21BF1FC1E002B7EA9 /* ContactListTests.xctest */,
				4DC9F0E81DD03A0B005692D8 /* ContactListUITests.xctest */,
			);
			name = Products;
			sourceTree = "<group>";
		};
		005096661BF1F266002B7EA9 /* ContactList */ = {
			isa = PBXGroup;
			children = (
				005096951BF1F9EA002B7EA9 /* API */,
				0050968F1BF1F932002B7EA9 /* DataProviders */,
				0050967A1BF1F27F002B7EA9 /* Models */,
				005096791BF1F278002B7EA9 /* ViewControllers */,
				005096921BF1F96C002B7EA9 /* Libraries */,
				005096671BF1F266002B7EA9 /* AppDelegate.swift */,
				0050966B1BF1F266002B7EA9 /* Main.storyboard */,
				0050966E1BF1F266002B7EA9 /* Assets.xcassets */,
				005096701BF1F266002B7EA9 /* LaunchScreen.storyboard */,
				005096731BF1F266002B7EA9 /* Info.plist */,
			);
			path = ContactList;
			sourceTree = "<group>";
		};
		005096791BF1F278002B7EA9 /* ViewControllers */ = {
			isa = PBXGroup;
			children = (
				0050967B1BF1F726002B7EA9 /* ListContactsViewController.swift */,
				0050967D1BF1F7D9002B7EA9 /* ContactDetailsViewController.swift */,
			);
			path = ViewControllers;
			sourceTree = "<group>";
		};
		0050967A1BF1F27F002B7EA9 /* Models */ = {
			isa = PBXGroup;
			children = (
				0050967F1BF1F801002B7EA9 /* User.swift */,
				005096811BF1F80E002B7EA9 /* Company.swift */,
				005096831BF1F816002B7EA9 /* Address.swift */,
			);
			path = Models;
			sourceTree = "<group>";
		};
		0050968F1BF1F932002B7EA9 /* DataProviders */ = {
			isa = PBXGroup;
			children = (
				005096901BF1F953002B7EA9 /* ContactListDataProvider.swift */,
			);
			path = DataProviders;
			sourceTree = "<group>";
		};
		005096921BF1F96C002B7EA9 /* Libraries */ = {
			isa = PBXGroup;
			children = (
				005096931BF1F9AD002B7EA9 /* OrderedDictionary.swift */,
				005096981BF1FA40002B7EA9 /* Extensions.swift */,
				0050969A1BF1FA6C002B7EA9 /* UILabelWithCopyMenu.swift */,
				005096D31BF21EE2002B7EA9 /* Utils.swift */,
			);
			path = Libraries;
			sourceTree = "<group>";
		};
		005096951BF1F9EA002B7EA9 /* API */ = {
			isa = PBXGroup;
			children = (
				005096CA1BF2165F002B7EA9 /* Router.swift */,
				005096961BF1FA05002B7EA9 /* APIServices.swift */,
				005096CD1BF21C1E002B7EA9 /* APIError.swift */,
			);
			path = API;
			sourceTree = "<group>";
		};
		005096A31BF1FC1F002B7EA9 /* ContactListTests */ = {
			isa = PBXGroup;
			children = (
				005096AA1BF21359002B7EA9 /* Fixtures */,
				005096AD1BF213AE002B7EA9 /* APIServicesTests.swift */,
				005096AF1BF213C0002B7EA9 /* ExtensionsTest.swift */,
				005096B11BF213C8002B7EA9 /* OrderedDictionaryTests.swift */,
				005096A41BF1FC20002B7EA9 /* ContactListTests.swift */,
				005096A61BF1FC21002B7EA9 /* Info.plist */,
			);
			path = ContactListTests;
			sourceTree = "<group>";
		};
		005096AA1BF21359002B7EA9 /* Fixtures */ = {
			isa = PBXGroup;
			children = (
				005096AB1BF21376002B7EA9 /* getusers.json */,
			);
			name = Fixtures;
			path = ContactListTests/Fixtures;
			sourceTree = SOURCE_ROOT;
		};
		4DB3F2301DD17CEB001BB05F /* Page */ = {
			isa = PBXGroup;
			children = (
				4DB3F2311DD17D24001BB05F /* ContactListPage.swift */,
				4DB3F2331DD1915F001BB05F /* ContactDetailsPage.swift */,
			);
			name = Page;
			sourceTree = "<group>";
		};
		4DC9F0E91DD03A0B005692D8 /* ContactListUITests */ = {
			isa = PBXGroup;
			children = (
				4DB3F2301DD17CEB001BB05F /* Page */,
				4DC9F0EA1DD03A0B005692D8 /* ContactListUITests.swift */,
				4DC9F0EC1DD03A0B005692D8 /* Info.plist */,
			);
			path = ContactListUITests;
			sourceTree = "<group>";
		};
/* End PBXGroup section */

/* Begin PBXNativeTarget section */
		005096631BF1F266002B7EA9 /* ContactList */ = {
			isa = PBXNativeTarget;
			buildConfigurationList = 005096761BF1F266002B7EA9 /* Build configuration list for PBXNativeTarget "ContactList" */;
			buildPhases = (
				005096601BF1F266002B7EA9 /* Sources */,
				005096611BF1F266002B7EA9 /* Frameworks */,
				005096621BF1F266002B7EA9 /* Resources */,
				0050968E1BF1F90D002B7EA9 /* Embed Frameworks */,
			);
			buildRules = (
			);
			dependencies = (
			);
			name = ContactList;
			productName = ContactList;
			productReference = 005096641BF1F266002B7EA9 /* ContactList.app */;
			productType = "com.apple.product-type.application";
		};
		005096A11BF1FC1E002B7EA9 /* ContactListTests */ = {
			isa = PBXNativeTarget;
			buildConfigurationList = 005096A71BF1FC21002B7EA9 /* Build configuration list for PBXNativeTarget "ContactListTests" */;
			buildPhases = (
				0050969E1BF1FC1E002B7EA9 /* Sources */,
				0050969F1BF1FC1E002B7EA9 /* Frameworks */,
				005096A01BF1FC1E002B7EA9 /* Resources */,
				005096BF1BF2140D002B7EA9 /* CopyFiles */,
			);
			buildRules = (
			);
			dependencies = (
			);
			name = ContactListTests;
			productName = ContactListTests;
			productReference = 005096A21BF1FC1E002B7EA9 /* ContactListTests.xctest */;
			productType = "com.apple.product-type.bundle.unit-test";
		};
		4DC9F0E71DD03A0B005692D8 /* ContactListUITests */ = {
			isa = PBXNativeTarget;
			buildConfigurationList = 4DC9F0F11DD03A0B005692D8 /* Build configuration list for PBXNativeTarget "ContactListUITests" */;
			buildPhases = (
				4DC9F0E41DD03A0B005692D8 /* Sources */,
				4DC9F0E51DD03A0B005692D8 /* Frameworks */,
				4DC9F0E61DD03A0B005692D8 /* Resources */,
				4DA986501DD115E700F13DE9 /* CopyFiles */,
			);
			buildRules = (
			);
			dependencies = (
				4DC9F0EE1DD03A0B005692D8 /* PBXTargetDependency */,
			);
			name = ContactListUITests;
			productName = ContactListUITests;
			productReference = 4DC9F0E81DD03A0B005692D8 /* ContactListUITests.xctest */;
			productType = "com.apple.product-type.bundle.ui-testing";
		};
/* End PBXNativeTarget section */

/* Begin PBXProject section */
		0050965C1BF1F266002B7EA9 /* Project object */ = {
			isa = PBXProject;
			attributes = {
				LastSwiftUpdateCheck = 0800;
				LastUpgradeCheck = 0800;
				ORGANIZATIONNAME = "Nishadh Shrestha";
				TargetAttributes = {
					005096631BF1F266002B7EA9 = {
						CreatedOnToolsVersion = 7.1;
						LastSwiftMigration = 0800;
					};
					005096A11BF1FC1E002B7EA9 = {
						CreatedOnToolsVersion = 7.1;
					};
					4DC9F0E71DD03A0B005692D8 = {
						CreatedOnToolsVersion = 8.0;
						ProvisioningStyle = Automatic;
						TestTargetID = 005096631BF1F266002B7EA9;
					};
				};
			};
			buildConfigurationList = 0050965F1BF1F266002B7EA9 /* Build configuration list for PBXProject "ContactList" */;
			compatibilityVersion = "Xcode 3.2";
			developmentRegion = English;
			hasScannedForEncodings = 0;
			knownRegions = (
				en,
				Base,
			);
			mainGroup = 0050965B1BF1F266002B7EA9;
			productRefGroup = 005096651BF1F266002B7EA9 /* Products */;
			projectDirPath = "";
			projectRoot = "";
			targets = (
				005096631BF1F266002B7EA9 /* ContactList */,
				005096A11BF1FC1E002B7EA9 /* ContactListTests */,
				4DC9F0E71DD03A0B005692D8 /* ContactListUITests */,
			);
		};
/* End PBXProject section */

/* Begin PBXResourcesBuildPhase section */
		005096621BF1F266002B7EA9 /* Resources */ = {
			isa = PBXResourcesBuildPhase;
			buildActionMask = 2147483647;
			files = (
				005096721BF1F266002B7EA9 /* LaunchScreen.storyboard in Resources */,
				0050966F1BF1F266002B7EA9 /* Assets.xcassets in Resources */,
				0050966D1BF1F266002B7EA9 /* Main.storyboard in Resources */,
			);
			runOnlyForDeploymentPostprocessing = 0;
		};
		005096A01BF1FC1E002B7EA9 /* Resources */ = {
			isa = PBXResourcesBuildPhase;
			buildActionMask = 2147483647;
			files = (
				005096AC1BF21377002B7EA9 /* getusers.json in Resources */,
			);
			runOnlyForDeploymentPostprocessing = 0;
		};
		4DC9F0E61DD03A0B005692D8 /* Resources */ = {
			isa = PBXResourcesBuildPhase;
			buildActionMask = 2147483647;
			files = (
			);
			runOnlyForDeploymentPostprocessing = 0;
		};
/* End PBXResourcesBuildPhase section */

/* Begin PBXSourcesBuildPhase section */
		005096601BF1F266002B7EA9 /* Sources */ = {
			isa = PBXSourcesBuildPhase;
			buildActionMask = 2147483647;
			files = (
				005096D41BF21EE2002B7EA9 /* Utils.swift in Sources */,
				005096911BF1F953002B7EA9 /* ContactListDataProvider.swift in Sources */,
				0050969B1BF1FA6C002B7EA9 /* UILabelWithCopyMenu.swift in Sources */,
				005096841BF1F816002B7EA9 /* Address.swift in Sources */,
				005096801BF1F801002B7EA9 /* User.swift in Sources */,
				005096CB1BF2165F002B7EA9 /* Router.swift in Sources */,
				0050967C1BF1F726002B7EA9 /* ListContactsViewController.swift in Sources */,
				005096681BF1F266002B7EA9 /* AppDelegate.swift in Sources */,
				005096991BF1FA40002B7EA9 /* Extensions.swift in Sources */,
				005096941BF1F9AD002B7EA9 /* OrderedDictionary.swift in Sources */,
				005096821BF1F80E002B7EA9 /* Company.swift in Sources */,
				0050967E1BF1F7D9002B7EA9 /* ContactDetailsViewController.swift in Sources */,
				005096971BF1FA05002B7EA9 /* APIServices.swift in Sources */,
				005096CE1BF21C1E002B7EA9 /* APIError.swift in Sources */,
			);
			runOnlyForDeploymentPostprocessing = 0;
		};
		0050969E1BF1FC1E002B7EA9 /* Sources */ = {
			isa = PBXSourcesBuildPhase;
			buildActionMask = 2147483647;
			files = (
				005096D81BF21F83002B7EA9 /* Utils.swift in Sources */,
				005096CF1BF21C89002B7EA9 /* APIError.swift in Sources */,
				005096CC1BF2177F002B7EA9 /* Router.swift in Sources */,
				005096B31BF213EC002B7EA9 /* APIServices.swift in Sources */,
				005096B41BF213EC002B7EA9 /* OrderedDictionary.swift in Sources */,
				005096B51BF213EC002B7EA9 /* Extensions.swift in Sources */,
				005096B61BF213EC002B7EA9 /* UILabelWithCopyMenu.swift in Sources */,
				005096B71BF213EC002B7EA9 /* ContactListDataProvider.swift in Sources */,
				005096B81BF213EC002B7EA9 /* User.swift in Sources */,
				005096B91BF213EC002B7EA9 /* Company.swift in Sources */,
				005096BA1BF213EC002B7EA9 /* Address.swift in Sources */,
				005096BB1BF213EC002B7EA9 /* ListContactsViewController.swift in Sources */,
				005096BC1BF213EC002B7EA9 /* ContactDetailsViewController.swift in Sources */,
				005096AE1BF213AE002B7EA9 /* APIServicesTests.swift in Sources */,
				005096B21BF213C8002B7EA9 /* OrderedDictionaryTests.swift in Sources */,
				005096B01BF213C0002B7EA9 /* ExtensionsTest.swift in Sources */,
				005096A51BF1FC20002B7EA9 /* ContactListTests.swift in Sources */,
			);
			runOnlyForDeploymentPostprocessing = 0;
		};
		4DC9F0E41DD03A0B005692D8 /* Sources */ = {
			isa = PBXSourcesBuildPhase;
			buildActionMask = 2147483647;
			files = (
				4DC9F0EB1DD03A0B005692D8 /* ContactListUITests.swift in Sources */,
				4DB3F2341DD1915F001BB05F /* ContactDetailsPage.swift in Sources */,
				4DB3F2321DD17D24001BB05F /* ContactListPage.swift in Sources */,
			);
			runOnlyForDeploymentPostprocessing = 0;
		};
/* End PBXSourcesBuildPhase section */

/* Begin PBXTargetDependency section */
		4DC9F0EE1DD03A0B005692D8 /* PBXTargetDependency */ = {
			isa = PBXTargetDependency;
			target = 005096631BF1F266002B7EA9 /* ContactList */;
			targetProxy = 4DC9F0ED1DD03A0B005692D8 /* PBXContainerItemProxy */;
		};
/* End PBXTargetDependency section */

/* Begin PBXVariantGroup section */
		0050966B1BF1F266002B7EA9 /* Main.storyboard */ = {
			isa = PBXVariantGroup;
			children = (
				0050966C1BF1F266002B7EA9 /* Base */,
			);
			name = Main.storyboard;
			sourceTree = "<group>";
		};
		005096701BF1F266002B7EA9 /* LaunchScreen.storyboard */ = {
			isa = PBXVariantGroup;
			children = (
				005096711BF1F266002B7EA9 /* Base */,
			);
			name = LaunchScreen.storyboard;
			sourceTree = "<group>";
		};
/* End PBXVariantGroup section */

/* Begin XCBuildConfiguration section */
		005096741BF1F266002B7EA9 /* Debug */ = {
			isa = XCBuildConfiguration;
			buildSettings = {
				ALWAYS_SEARCH_USER_PATHS = NO;
				CLANG_CXX_LANGUAGE_STANDARD = "gnu++0x";
				CLANG_CXX_LIBRARY = "libc++";
				CLANG_ENABLE_MODULES = YES;
				CLANG_ENABLE_OBJC_ARC = YES;
				CLANG_WARN_BOOL_CONVERSION = YES;
				CLANG_WARN_CONSTANT_CONVERSION = YES;
				CLANG_WARN_DIRECT_OBJC_ISA_USAGE = YES_ERROR;
				CLANG_WARN_EMPTY_BODY = YES;
				CLANG_WARN_ENUM_CONVERSION = YES;
				CLANG_WARN_INFINITE_RECURSION = YES;
				CLANG_WARN_INT_CONVERSION = YES;
				CLANG_WARN_OBJC_ROOT_CLASS = YES_ERROR;
				CLANG_WARN_SUSPICIOUS_MOVE = YES;
				CLANG_WARN_UNREACHABLE_CODE = YES;
				CLANG_WARN__DUPLICATE_METHOD_MATCH = YES;
				"CODE_SIGN_IDENTITY[sdk=iphoneos*]" = "iPhone Developer";
				COPY_PHASE_STRIP = NO;
				DEBUG_INFORMATION_FORMAT = dwarf;
				ENABLE_STRICT_OBJC_MSGSEND = YES;
				ENABLE_TESTABILITY = YES;
				GCC_C_LANGUAGE_STANDARD = gnu99;
				GCC_DYNAMIC_NO_PIC = NO;
				GCC_NO_COMMON_BLOCKS = YES;
				GCC_OPTIMIZATION_LEVEL = 0;
				GCC_PREPROCESSOR_DEFINITIONS = (
					"DEBUG=1",
					"$(inherited)",
				);
				GCC_WARN_64_TO_32_BIT_CONVERSION = YES;
				GCC_WARN_ABOUT_RETURN_TYPE = YES_ERROR;
				GCC_WARN_UNDECLARED_SELECTOR = YES;
				GCC_WARN_UNINITIALIZED_AUTOS = YES_AGGRESSIVE;
				GCC_WARN_UNUSED_FUNCTION = YES;
				GCC_WARN_UNUSED_VARIABLE = YES;
				IPHONEOS_DEPLOYMENT_TARGET = 8.0;
				MTL_ENABLE_DEBUG_INFO = YES;
				ONLY_ACTIVE_ARCH = YES;
				SDKROOT = iphoneos;
				SWIFT_OPTIMIZATION_LEVEL = "-Onone";
				TARGETED_DEVICE_FAMILY = "1,2";
			};
			name = Debug;
		};
		005096751BF1F266002B7EA9 /* Release */ = {
			isa = XCBuildConfiguration;
			buildSettings = {
				ALWAYS_SEARCH_USER_PATHS = NO;
				CLANG_CXX_LANGUAGE_STANDARD = "gnu++0x";
				CLANG_CXX_LIBRARY = "libc++";
				CLANG_ENABLE_MODULES = YES;
				CLANG_ENABLE_OBJC_ARC = YES;
				CLANG_WARN_BOOL_CONVERSION = YES;
				CLANG_WARN_CONSTANT_CONVERSION = YES;
				CLANG_WARN_DIRECT_OBJC_ISA_USAGE = YES_ERROR;
				CLANG_WARN_EMPTY_BODY = YES;
				CLANG_WARN_ENUM_CONVERSION = YES;
				CLANG_WARN_INFINITE_RECURSION = YES;
				CLANG_WARN_INT_CONVERSION = YES;
				CLANG_WARN_OBJC_ROOT_CLASS = YES_ERROR;
				CLANG_WARN_SUSPICIOUS_MOVE = YES;
				CLANG_WARN_UNREACHABLE_CODE = YES;
				CLANG_WARN__DUPLICATE_METHOD_MATCH = YES;
				"CODE_SIGN_IDENTITY[sdk=iphoneos*]" = "iPhone Developer";
				COPY_PHASE_STRIP = NO;
				DEBUG_INFORMATION_FORMAT = "dwarf-with-dsym";
				ENABLE_NS_ASSERTIONS = NO;
				ENABLE_STRICT_OBJC_MSGSEND = YES;
				GCC_C_LANGUAGE_STANDARD = gnu99;
				GCC_NO_COMMON_BLOCKS = YES;
				GCC_WARN_64_TO_32_BIT_CONVERSION = YES;
				GCC_WARN_ABOUT_RETURN_TYPE = YES_ERROR;
				GCC_WARN_UNDECLARED_SELECTOR = YES;
				GCC_WARN_UNINITIALIZED_AUTOS = YES_AGGRESSIVE;
				GCC_WARN_UNUSED_FUNCTION = YES;
				GCC_WARN_UNUSED_VARIABLE = YES;
				IPHONEOS_DEPLOYMENT_TARGET = 8.0;
				MTL_ENABLE_DEBUG_INFO = NO;
				SDKROOT = iphoneos;
				SWIFT_OPTIMIZATION_LEVEL = "-Owholemodule";
				TARGETED_DEVICE_FAMILY = "1,2";
				VALIDATE_PRODUCT = YES;
			};
			name = Release;
		};
		005096771BF1F266002B7EA9 /* Debug */ = {
			isa = XCBuildConfiguration;
			buildSettings = {
				ASSETCATALOG_COMPILER_APPICON_NAME = AppIcon;
				FRAMEWORK_SEARCH_PATHS = (
					"$(inherited)",
					"$(PROJECT_DIR)/Carthage/Build/iOS",
				);
				INFOPLIST_FILE = ContactList/Info.plist;
				IPHONEOS_DEPLOYMENT_TARGET = 8.0;
				LD_RUNPATH_SEARCH_PATHS = "$(inherited) @executable_path/Frameworks";
				PRODUCT_BUNDLE_IDENTIFIER = com.nishadh.ContactList;
				PRODUCT_NAME = "$(TARGET_NAME)";
				SWIFT_VERSION = 2.3;
			};
			name = Debug;
		};
		005096781BF1F266002B7EA9 /* Release */ = {
			isa = XCBuildConfiguration;
			buildSettings = {
				ASSETCATALOG_COMPILER_APPICON_NAME = AppIcon;
				FRAMEWORK_SEARCH_PATHS = (
					"$(inherited)",
					"$(PROJECT_DIR)/Carthage/Build/iOS",
				);
				INFOPLIST_FILE = ContactList/Info.plist;
				IPHONEOS_DEPLOYMENT_TARGET = 8.0;
				LD_RUNPATH_SEARCH_PATHS = "$(inherited) @executable_path/Frameworks";
				PRODUCT_BUNDLE_IDENTIFIER = com.nishadh.ContactList;
				PRODUCT_NAME = "$(TARGET_NAME)";
				SWIFT_VERSION = 2.3;
			};
			name = Release;
		};
		005096A81BF1FC21002B7EA9 /* Debug */ = {
			isa = XCBuildConfiguration;
			buildSettings = {
				FRAMEWORK_SEARCH_PATHS = (
					"$(inherited)",
					"$(PROJECT_DIR)/Carthage/Build/iOS",
				);
				INFOPLIST_FILE = ContactListTests/Info.plist;
				LD_RUNPATH_SEARCH_PATHS = "$(inherited) @executable_path/Frameworks @loader_path/Frameworks";
				PRODUCT_BUNDLE_IDENTIFIER = com.nishadh.ContactListTests;
				PRODUCT_NAME = "$(TARGET_NAME)";
			};
			name = Debug;
		};
		005096A91BF1FC21002B7EA9 /* Release */ = {
			isa = XCBuildConfiguration;
			buildSettings = {
				FRAMEWORK_SEARCH_PATHS = (
					"$(inherited)",
					"$(PROJECT_DIR)/Carthage/Build/iOS",
				);
				INFOPLIST_FILE = ContactListTests/Info.plist;
				LD_RUNPATH_SEARCH_PATHS = "$(inherited) @executable_path/Frameworks @loader_path/Frameworks";
				PRODUCT_BUNDLE_IDENTIFIER = com.nishadh.ContactListTests;
				PRODUCT_NAME = "$(TARGET_NAME)";
			};
			name = Release;
		};
		4DC9F0EF1DD03A0B005692D8 /* Debug */ = {
			isa = XCBuildConfiguration;
			buildSettings = {
				CLANG_ANALYZER_NONNULL = YES;
				CLANG_WARN_DOCUMENTATION_COMMENTS = YES;
				CLANG_WARN_SUSPICIOUS_MOVES = YES;
				FRAMEWORK_SEARCH_PATHS = (
					"$(inherited)",
					"$(PROJECT_DIR)/Carthage/Build/iOS",
				);
				INFOPLIST_FILE = ContactListUITests/Info.plist;
				IPHONEOS_DEPLOYMENT_TARGET = 10.0;
				LD_RUNPATH_SEARCH_PATHS = "$(inherited) @executable_path/Frameworks @loader_path/Frameworks";
				PRODUCT_BUNDLE_IDENTIFIER = rachelgmm.ContactListUITests;
				PRODUCT_NAME = "$(TARGET_NAME)";
				SWIFT_ACTIVE_COMPILATION_CONDITIONS = DEBUG;
				SWIFT_VERSION = 2.3;
				TEST_TARGET_NAME = ContactList;
			};
			name = Debug;
		};
		4DC9F0F01DD03A0B005692D8 /* Release */ = {
			isa = XCBuildConfiguration;
			buildSettings = {
				CLANG_ANALYZER_NONNULL = YES;
				CLANG_WARN_DOCUMENTATION_COMMENTS = YES;
				CLANG_WARN_SUSPICIOUS_MOVES = YES;
				FRAMEWORK_SEARCH_PATHS = (
					"$(inherited)",
					"$(PROJECT_DIR)/Carthage/Build/iOS",
				);
				INFOPLIST_FILE = ContactListUITests/Info.plist;
				IPHONEOS_DEPLOYMENT_TARGET = 10.0;
				LD_RUNPATH_SEARCH_PATHS = "$(inherited) @executable_path/Frameworks @loader_path/Frameworks";
				PRODUCT_BUNDLE_IDENTIFIER = rachelgmm.ContactListUITests;
				PRODUCT_NAME = "$(TARGET_NAME)";
				SWIFT_VERSION = 2.3;
				TEST_TARGET_NAME = ContactList;
			};
			name = Release;
		};
/* End XCBuildConfiguration section */

/* Begin XCConfigurationList section */
		0050965F1BF1F266002B7EA9 /* Build configuration list for PBXProject "ContactList" */ = {
			isa = XCConfigurationList;
			buildConfigurations = (
				005096741BF1F266002B7EA9 /* Debug */,
				005096751BF1F266002B7EA9 /* Release */,
			);
			defaultConfigurationIsVisible = 0;
			defaultConfigurationName = Release;
		};
		005096761BF1F266002B7EA9 /* Build configuration list for PBXNativeTarget "ContactList" */ = {
			isa = XCConfigurationList;
			buildConfigurations = (
				005096771BF1F266002B7EA9 /* Debug */,
				005096781BF1F266002B7EA9 /* Release */,
			);
			defaultConfigurationIsVisible = 0;
			defaultConfigurationName = Release;
		};
		005096A71BF1FC21002B7EA9 /* Build configuration list for PBXNativeTarget "ContactListTests" */ = {
			isa = XCConfigurationList;
			buildConfigurations = (
				005096A81BF1FC21002B7EA9 /* Debug */,
				005096A91BF1FC21002B7EA9 /* Release */,
			);
			defaultConfigurationIsVisible = 0;
			defaultConfigurationName = Release;
		};
		4DC9F0F11DD03A0B005692D8 /* Build configuration list for PBXNativeTarget "ContactListUITests" */ = {
			isa = XCConfigurationList;
			buildConfigurations = (
				4DC9F0EF1DD03A0B005692D8 /* Debug */,
				4DC9F0F01DD03A0B005692D8 /* Release */,
			);
			defaultConfigurationIsVisible = 0;
			defaultConfigurationName = Release;
		};
/* End XCConfigurationList section */
	};
	rootObject = 0050965C1BF1F266002B7EA9 /* Project object */;
}
